
Microsoft Visual Studio Solution File, Format Version 12.00
# Visual Studio Version 17
VisualStudioVersion = 17.2.32616.157
MinimumVisualStudioVersion = 10.0.40219.1
Project("{FAE04EC0-301F-11D3-BF4B-00C04F79EFBC}") = "EfCoreTopics", "EfCoreTopics\EfCoreTopics.csproj", "{51CD9E78-A72D-402B-81AF-D78FB4A61A8A}"
EndProject
Global
	GlobalSection(SolutionConfigurationPlatforms) = preSolution
		Debug|Any CPU = Debug|Any CPU
		Release|Any CPU = Release|Any CPU
	EndGlobalSection
	GlobalSection(ProjectConfigurationPlatforms) = postSolution
		{51CD9E78-A72D-402B-81AF-D78FB4A61A8A}.Debug|Any CPU.ActiveCfg = Debug|Any CPU
		{51CD9E78-A72D-402B-81AF-D78FB4A61A8A}.Debug|Any CPU.Build.0 = Debug|Any CPU
		{51CD9E78-A72D-402B-81AF-D78FB4A61A8A}.Release|Any CPU.ActiveCfg = Release|Any CPU
		{51CD9E78-A72D-402B-81AF-D78FB4A61A8A}.Release|Any CPU.Build.0 = Release|Any CPU
	EndGlobalSection
	GlobalSection(SolutionProperties) = preSolution
		HideSolutionNode = FALSE
	EndGlobalSection
	GlobalSection(ExtensibilityGlobals) = postSolution
		SolutionGuid = {69EB58D8-DBA6-4957-BEA7-44791139AF8D}
	EndGlobalSection
EndGlobal
